{
  "lockfileVersion": 1,
  "configVersion": 0,
  "workspaces": {
    "": {
      "name": "frank-create-root",
      "dependencies": {
        "@lovable.dev/cloud-auth-js": "^1.1.2",
      },
    },
  },
  "packages": {
    "@lovable.dev/cloud-auth-js": ["@lovable.dev/cloud-auth-js@1.1.2", "", {}, "sha512-xz8ocewsgwkp8giau272/eWWU3XrchCg5uba4yQPPYtevHTXaVU3sD+fO1JjyPBHacVcOcwhmgUiU9TKHt63cg=="],
  }
}
